# THIS IS AN AUTOGENERATED FILE. DO NOT EDIT THIS FILE DIRECTLY.
# yarn lockfile v1


"@mapbox/node-pre-gyp@^1.0.0":
  "integrity" "sha512-4srsKPXWlIxp5Vbqz5uLfBN+du2fJChBoYn/f2h991WLdk7jUvcSk/McVLSv/X+xQIPI8eGD5GjrnygdyHnhPA=="
  "resolved" "https://registry.npmjs.org/@mapbox/node-pre-gyp/-/node-pre-gyp-1.0.5.tgz"
  "version" "1.0.5"
  dependencies:
    "detect-libc" "^1.0.3"
    "https-proxy-agent" "^5.0.0"
    "make-dir" "^3.1.0"
    "node-fetch" "^2.6.1"
    "nopt" "^5.0.0"
    "npmlog" "^4.1.2"
    "rimraf" "^3.0.2"
    "semver" "^7.3.4"
    "tar" "^6.1.0"

"@types/component-emitter@^1.2.10":
  "integrity" "sha512-bsjleuRKWmGqajMerkzox19aGbscQX5rmmvvXl3wlIp5gMG1HgkiwPxsN5p070fBDKTNSPgojVbuY1+HWMbFhg=="
  "resolved" "https://registry.npmjs.org/@types/component-emitter/-/component-emitter-1.2.10.tgz"
  "version" "1.2.10"

"@types/cookie@^0.4.0":
  "integrity" "sha512-y7mImlc/rNkvCRmg8gC3/lj87S7pTUIJ6QGjwHR9WQJcFs+ZMTOaoPrkdFA/YdbuqVEmEbb5RdhVxMkAcgOnpg=="
  "resolved" "https://registry.npmjs.org/@types/cookie/-/cookie-0.4.0.tgz"
  "version" "0.4.0"

"@types/cors@^2.8.8":
  "integrity" "sha512-C7srjHiVG3Ey1nR6d511dtDkCEjxuN9W1HWAEjGq8kpcwmNM6JJkpC0xvabM7BXTG2wDq8Eu33iH9aQKa7IvLQ=="
  "resolved" "https://registry.npmjs.org/@types/cors/-/cors-2.8.10.tgz"
  "version" "2.8.10"

"@types/node@>=10.0.0":
  "integrity" "sha512-8/bnjSZD86ZfpBsDlCIkNXIvm+h6wi9g7IqL+kmFkQ+Wvu3JrasgLElfiPgoo8V8vVfnEi0QVS12gbl94h9YsQ=="
  "resolved" "https://registry.npmjs.org/@types/node/-/node-15.3.0.tgz"
  "version" "15.3.0"

"abbrev@1":
  "integrity" "sha512-nne9/IiQ/hzIhY6pdDnbBtz7DjPTKrY00P/zvPSm5pOFkl6xuGrGnXn/VtTNNfNtAfZ9/1RtehkszU9qcTii0Q=="
  "resolved" "https://registry.npmjs.org/abbrev/-/abbrev-1.1.1.tgz"
  "version" "1.1.1"

"accepts@~1.3.4", "accepts@~1.3.5":
  "integrity" "sha512-Il80Qs2WjYlJIBNzNkK6KYqlVMTbZLXgHx2oT0pU/fjRHyEp+PEfEPY0R3WCwAGVOtauxh1hOxNgIf5bv7dQpA=="
  "resolved" "https://registry.npmjs.org/accepts/-/accepts-1.3.7.tgz"
  "version" "1.3.7"
  dependencies:
    "mime-types" "~2.1.24"
    "negotiator" "0.6.2"

"agent-base@6":
  "integrity" "sha512-RZNwNclF7+MS/8bDg70amg32dyeZGZxiDuQmZxKLAlQjr3jGyLx+4Kkk58UO7D2QdgFIQCovuSuZESne6RG6XQ=="
  "resolved" "https://registry.npmjs.org/agent-base/-/agent-base-6.0.2.tgz"
  "version" "6.0.2"
  dependencies:
    "debug" "4"

"ansi-regex@^2.0.0":
  "integrity" "sha1-w7M6te42DYbg5ijwRorn7yfWVN8="
  "resolved" "https://registry.npmjs.org/ansi-regex/-/ansi-regex-2.1.1.tgz"
  "version" "2.1.1"

"ansi-regex@^3.0.0":
  "integrity" "sha1-7QMXwyIGT3lGbAKWa922Bas32Zg="
  "resolved" "https://registry.npmjs.org/ansi-regex/-/ansi-regex-3.0.0.tgz"
  "version" "3.0.0"

"append-field@^1.0.0":
  "integrity" "sha1-HjRA6RXwsSA9I3SOeO3XubW0PlY="
  "resolved" "https://registry.npmjs.org/append-field/-/append-field-1.0.0.tgz"
  "version" "1.0.0"

"aproba@^1.0.3":
  "integrity" "sha512-Y9J6ZjXtoYh8RnXVCMOU/ttDmk1aBjunq9vO0ta5x85WDQiQfUF9sIPBITdbiiIVcBo03Hi3jMxigBtsddlXRw=="
  "resolved" "https://registry.npmjs.org/aproba/-/aproba-1.2.0.tgz"
  "version" "1.2.0"

"are-we-there-yet@~1.1.2":
  "integrity" "sha512-5hYdAkZlcG8tOLujVDTgCT+uPX0VnpAH28gWsLfzpXYm7wP6mp5Q/gYyR7YQ0cKVJcXJnl3j2kpBan13PtQf6w=="
  "resolved" "https://registry.npmjs.org/are-we-there-yet/-/are-we-there-yet-1.1.5.tgz"
  "version" "1.1.5"
  dependencies:
    "delegates" "^1.0.0"
    "readable-stream" "^2.0.6"

"array-flatten@1.1.1":
  "integrity" "sha1-ml9pkFGx5wczKPKgCJaLZOopVdI="
  "resolved" "https://registry.npmjs.org/array-flatten/-/array-flatten-1.1.1.tgz"
  "version" "1.1.1"

"balanced-match@^1.0.0":
  "integrity" "sha512-3oSeUO0TMV67hN1AmbXsK4yaqU7tjiHlbxRDZOpH0KW9+CeX4bRAaX0Anxt0tx2MrpRpWwQaPwIlISEJhYU5Pw=="
  "resolved" "https://registry.npmjs.org/balanced-match/-/balanced-match-1.0.2.tgz"
  "version" "1.0.2"

"base64-arraybuffer@0.1.4":
  "integrity" "sha1-mBjHngWbE1X5fgQooBfIOOkLqBI="
  "resolved" "https://registry.npmjs.org/base64-arraybuffer/-/base64-arraybuffer-0.1.4.tgz"
  "version" "0.1.4"

"base64id@~2.0.0", "base64id@2.0.0":
  "integrity" "sha512-lGe34o6EHj9y3Kts9R4ZYs/Gr+6N7MCaMlIFA3F1R2O5/m7K06AxfSeO5530PEERE6/WyEg3lsuyw4GHlPZHog=="
  "resolved" "https://registry.npmjs.org/base64id/-/base64id-2.0.0.tgz"
  "version" "2.0.0"

"basic-auth@~2.0.0":
  "integrity" "sha512-NF+epuEdnUYVlGuhaxbbq+dvJttwLnGY+YixlXlME5KpQ5W3CnXA5cVTneY3SPbPDRkcjMbifrwmFYcClgOZeg=="
  "resolved" "https://registry.npmjs.org/basic-auth/-/basic-auth-2.0.1.tgz"
  "version" "2.0.1"
  dependencies:
    "safe-buffer" "5.1.2"

"bcrypt@^5.0.1":
  "integrity" "sha512-9BTgmrhZM2t1bNuDtrtIMVSmmxZBrJ71n8Wg+YgdjHuIWYF7SjjmCPZFB+/5i/o/PIeRpwVJR3P+NrpIItUjqw=="
  "resolved" "https://registry.npmjs.org/bcrypt/-/bcrypt-5.0.1.tgz"
  "version" "5.0.1"
  dependencies:
    "@mapbox/node-pre-gyp" "^1.0.0"
    "node-addon-api" "^3.1.0"

"body-parser@1.18.3":
  "integrity" "sha1-WykhmP/dVTs6DyDe0FkrlWlVyLQ="
  "resolved" "https://registry.npmjs.org/body-parser/-/body-parser-1.18.3.tgz"
  "version" "1.18.3"
  dependencies:
    "bytes" "3.0.0"
    "content-type" "~1.0.4"
    "debug" "2.6.9"
    "depd" "~1.1.2"
    "http-errors" "~1.6.3"
    "iconv-lite" "0.4.23"
    "on-finished" "~2.3.0"
    "qs" "6.5.2"
    "raw-body" "2.3.3"
    "type-is" "~1.6.16"

"brace-expansion@^1.1.7":
  "integrity" "sha512-iCuPHDFgrHX7H2vEI/5xpz07zSHB00TpugqhmYtVmMO6518mCuRMoOYFldEBl0g187ufozdaHgWKcYFb61qGiA=="
  "resolved" "https://registry.npmjs.org/brace-expansion/-/brace-expansion-1.1.11.tgz"
  "version" "1.1.11"
  dependencies:
    "balanced-match" "^1.0.0"
    "concat-map" "0.0.1"

"buffer-from@^1.0.0":
  "integrity" "sha512-MQcXEUbCKtEo7bhqEs6560Hyd4XaovZlO/k9V3hjVUF/zwW7KBVdSK4gIt/bzwS9MbR5qob+F5jusZsb0YQK2A=="
  "resolved" "https://registry.npmjs.org/buffer-from/-/buffer-from-1.1.1.tgz"
  "version" "1.1.1"

"busboy@^0.2.11":
  "integrity" "sha1-bCpiLvz0fFe7vh4qnDetNseSVFM="
  "resolved" "https://registry.npmjs.org/busboy/-/busboy-0.2.14.tgz"
  "version" "0.2.14"
  dependencies:
    "dicer" "0.2.5"
    "readable-stream" "1.1.x"

"bytes@3.0.0":
  "integrity" "sha1-0ygVQE1olpn4Wk6k+odV3ROpYEg="
  "resolved" "https://registry.npmjs.org/bytes/-/bytes-3.0.0.tgz"
  "version" "3.0.0"

"chownr@^2.0.0":
  "integrity" "sha512-bIomtDF5KGpdogkLd9VspvFzk9KfpyyGlS8YFVZl7TGPBHL5snIOnxeshwVgPteQ9b4Eydl+pVbIyE1DcvCWgQ=="
  "resolved" "https://registry.npmjs.org/chownr/-/chownr-2.0.0.tgz"
  "version" "2.0.0"

"code-point-at@^1.0.0":
  "integrity" "sha1-DQcLTQQ6W+ozovGkDi7bPZpMz3c="
  "resolved" "https://registry.npmjs.org/code-point-at/-/code-point-at-1.1.0.tgz"
  "version" "1.1.0"

"component-emitter@~1.3.0":
  "integrity" "sha512-Rd3se6QB+sO1TwqZjscQrurpEPIfO0/yYnSin6Q/rD3mOutHvUrCAhJub3r90uNb+SESBuE0QYoB90YdfatsRg=="
  "resolved" "https://registry.npmjs.org/component-emitter/-/component-emitter-1.3.0.tgz"
  "version" "1.3.0"

"concat-map@0.0.1":
  "integrity" "sha1-2Klr13/Wjfd5OnMDajug1UBdR3s="
  "resolved" "https://registry.npmjs.org/concat-map/-/concat-map-0.0.1.tgz"
  "version" "0.0.1"

"concat-stream@^1.5.2":
  "integrity" "sha512-27HBghJxjiZtIk3Ycvn/4kbJk/1uZuJFfuPEns6LaEvpvG1f0hTea8lilrouyo9mVc2GWdcEZ8OLoGmSADlrCw=="
  "resolved" "https://registry.npmjs.org/concat-stream/-/concat-stream-1.6.2.tgz"
  "version" "1.6.2"
  dependencies:
    "buffer-from" "^1.0.0"
    "inherits" "^2.0.3"
    "readable-stream" "^2.2.2"
    "typedarray" "^0.0.6"

"console-control-strings@^1.0.0", "console-control-strings@~1.1.0":
  "integrity" "sha1-PXz0Rk22RG6mRL9LOVB/mFEAjo4="
  "resolved" "https://registry.npmjs.org/console-control-strings/-/console-control-strings-1.1.0.tgz"
  "version" "1.1.0"

"content-disposition@0.5.2":
  "integrity" "sha1-DPaLud318r55YcOoUXjLhdunjLQ="
  "resolved" "https://registry.npmjs.org/content-disposition/-/content-disposition-0.5.2.tgz"
  "version" "0.5.2"

"content-type@~1.0.4":
  "integrity" "sha512-hIP3EEPs8tB9AT1L+NUqtwOAps4mk2Zob89MWXMHjHWg9milF/j4osnnQLXBCBFBk/tvIG/tUc9mOUJiPBhPXA=="
  "resolved" "https://registry.npmjs.org/content-type/-/content-type-1.0.4.tgz"
  "version" "1.0.4"

"cookie-parser@~1.4.5":
  "integrity" "sha512-f13bPUj/gG/5mDr+xLmSxxDsB9DQiTIfhJS/sqjrmfAWiAN+x2O4i/XguTL9yDZ+/IFDanJ+5x7hC4CXT9Tdzw=="
  "resolved" "https://registry.npmjs.org/cookie-parser/-/cookie-parser-1.4.5.tgz"
  "version" "1.4.5"
  dependencies:
    "cookie" "0.4.0"
    "cookie-signature" "1.0.6"

"cookie-session@^1.4.0":
  "integrity" "sha512-0hhwD+BUIwMXQraiZP/J7VP2YFzqo6g4WqZlWHtEHQ22t0MeZZrNBSCxC1zcaLAs8ApT3BzAKizx9gW/AP9vNA=="
  "resolved" "https://registry.npmjs.org/cookie-session/-/cookie-session-1.4.0.tgz"
  "version" "1.4.0"
  dependencies:
    "cookies" "0.8.0"
    "debug" "2.6.9"
    "on-headers" "~1.0.2"

"cookie-signature@1.0.6":
  "integrity" "sha1-4wOogrNCzD7oylE6eZmXNNqzriw="
  "resolved" "https://registry.npmjs.org/cookie-signature/-/cookie-signature-1.0.6.tgz"
  "version" "1.0.6"

"cookie@~0.4.1":
  "integrity" "sha512-ZwrFkGJxUR3EIoXtO+yVE69Eb7KlixbaeAWfBQB9vVsNn/o+Yw69gBWSSDK825hQNdN+wF8zELf3dFNl/kxkUA=="
  "resolved" "https://registry.npmjs.org/cookie/-/cookie-0.4.1.tgz"
  "version" "0.4.1"

"cookie@0.3.1":
  "integrity" "sha1-5+Ch+e9DtMi6klxcWpboBtFoc7s="
  "resolved" "https://registry.npmjs.org/cookie/-/cookie-0.3.1.tgz"
  "version" "0.3.1"

"cookie@0.4.0":
  "integrity" "sha512-+Hp8fLp57wnUSt0tY0tHEXh4voZRDnoIrZPqlo3DPiI4y9lwg/jqx+1Om94/W6ZaPDOUbnjOt/99w66zk+l1Xg=="
  "resolved" "https://registry.npmjs.org/cookie/-/cookie-0.4.0.tgz"
  "version" "0.4.0"

"cookies@0.8.0":
  "integrity" "sha512-8aPsApQfebXnuI+537McwYsDtjVxGm8gTIzQI3FDW6t5t/DAhERxtnbEPN/8RX+uZthoz4eCOgloXaE5cYyNow=="
  "resolved" "https://registry.npmjs.org/cookies/-/cookies-0.8.0.tgz"
  "version" "0.8.0"
  dependencies:
    "depd" "~2.0.0"
    "keygrip" "~1.1.0"

"core-util-is@~1.0.0":
  "integrity" "sha1-tf1UIgqivFq1eqtxQMlAdUUDwac="
  "resolved" "https://registry.npmjs.org/core-util-is/-/core-util-is-1.0.2.tgz"
  "version" "1.0.2"

"cors@^2.8.5", "cors@~2.8.5":
  "integrity" "sha512-KIHbLJqu73RGr/hnbrO9uBeixNGuvSQjul/jdFvS/KFSIH1hWVd1ng7zOHx+YrEfInLG7q4n6GHQ9cDtxv/P6g=="
  "resolved" "https://registry.npmjs.org/cors/-/cors-2.8.5.tgz"
  "version" "2.8.5"
  dependencies:
    "object-assign" "^4"
    "vary" "^1"

"cross-spawn@^7.0.3":
  "integrity" "sha512-iRDPJKUPVEND7dHPO8rkbOnPpyDygcDFtWjpeWNCgy8WP2rXcxXL8TskReQl6OrB2G7+UJrags1q15Fudc7G6w=="
  "resolved" "https://registry.npmjs.org/cross-spawn/-/cross-spawn-7.0.3.tgz"
  "version" "7.0.3"
  dependencies:
    "path-key" "^3.1.0"
    "shebang-command" "^2.0.0"
    "which" "^2.0.1"

"debug@~2.6.9", "debug@2.6.9":
  "integrity" "sha512-bC7ElrdJaJnPbAP+1EotYvqZsb3ecl5wi6Bfi6BJTUcNowp6cvspg0jXznRTKDjm/E7AdgFBVeAPVMNcKGsHMA=="
  "resolved" "https://registry.npmjs.org/debug/-/debug-2.6.9.tgz"
  "version" "2.6.9"
  dependencies:
    "ms" "2.0.0"

"debug@~4.3.1":
  "integrity" "sha512-doEwdvm4PCeK4K3RQN2ZC2BYUBaxwLARCqZmMjtF8a51J2Rb0xpVloFRnCODwqjpwnAoao4pelN8l3RJdv3gRQ=="
  "resolved" "https://registry.npmjs.org/debug/-/debug-4.3.1.tgz"
  "version" "4.3.1"
  dependencies:
    "ms" "2.1.2"

"debug@4":
  "integrity" "sha512-doEwdvm4PCeK4K3RQN2ZC2BYUBaxwLARCqZmMjtF8a51J2Rb0xpVloFRnCODwqjpwnAoao4pelN8l3RJdv3gRQ=="
  "resolved" "https://registry.npmjs.org/debug/-/debug-4.3.1.tgz"
  "version" "4.3.1"
  dependencies:
    "ms" "2.1.2"

"delegates@^1.0.0":
  "integrity" "sha1-hMbhWbgZBP3KWaDvRM2HDTElD5o="
  "resolved" "https://registry.npmjs.org/delegates/-/delegates-1.0.0.tgz"
  "version" "1.0.0"

"depd@~1.1.2":
  "integrity" "sha1-m81S4UwJd2PnSbJ0xDRu0uVgtak="
  "resolved" "https://registry.npmjs.org/depd/-/depd-1.1.2.tgz"
  "version" "1.1.2"

"depd@~2.0.0":
  "integrity" "sha512-g7nH6P6dyDioJogAAGprGpCtVImJhpPk/roCzdb3fIh61/s/nPsfR6onyMwkCAR/OlC3yBC0lESvUoQEAssIrw=="
  "resolved" "https://registry.npmjs.org/depd/-/depd-2.0.0.tgz"
  "version" "2.0.0"

"destroy@~1.0.4":
  "integrity" "sha1-l4hXRCxEdJ5CBmE+N5RiBYJqvYA="
  "resolved" "https://registry.npmjs.org/destroy/-/destroy-1.0.4.tgz"
  "version" "1.0.4"

"detect-libc@^1.0.3":
  "integrity" "sha1-+hN8S9aY7fVc1c0CrFWfkaTEups="
  "resolved" "https://registry.npmjs.org/detect-libc/-/detect-libc-1.0.3.tgz"
  "version" "1.0.3"

"dicer@0.2.5":
  "integrity" "sha1-WZbAhrszIYyBLAkL3cCc0S+stw8="
  "resolved" "https://registry.npmjs.org/dicer/-/dicer-0.2.5.tgz"
  "version" "0.2.5"
  dependencies:
    "readable-stream" "1.1.x"
    "streamsearch" "0.1.2"

"ee-first@1.1.1":
  "integrity" "sha1-WQxhFWsK4vTwJVcyoViyZrxWsh0="
  "resolved" "https://registry.npmjs.org/ee-first/-/ee-first-1.1.1.tgz"
  "version" "1.1.1"

"ejs@~2.6.2":
  "integrity" "sha512-PcW2a0tyTuPHz3tWyYqtK6r1fZ3gp+3Sop8Ph+ZYN81Ob5rwmbHEzaqs10N3BEsaGTkh/ooniXK+WwszGlc2+Q=="
  "resolved" "https://registry.npmjs.org/ejs/-/ejs-2.6.2.tgz"
  "version" "2.6.2"

"encodeurl@~1.0.2":
  "integrity" "sha1-rT/0yG7C0CkyL1oCw6mmBslbP1k="
  "resolved" "https://registry.npmjs.org/encodeurl/-/encodeurl-1.0.2.tgz"
  "version" "1.0.2"

"engine.io-parser@~4.0.0":
  "integrity" "sha512-sHfEQv6nmtJrq6TKuIz5kyEKH/qSdK56H/A+7DnAuUPWosnIZAS2NHNcPLmyjtY3cGS/MqJdZbUjW97JU72iYg=="
  "resolved" "https://registry.npmjs.org/engine.io-parser/-/engine.io-parser-4.0.2.tgz"
  "version" "4.0.2"
  dependencies:
    "base64-arraybuffer" "0.1.4"

"engine.io@~5.0.0":
  "integrity" "sha512-BATIdDV3H1SrE9/u2BAotvsmjJg0t1P4+vGedImSs1lkFAtQdvk4Ev1y4LDiPF7BPWgXWEG+NDY+nLvW3UrMWw=="
  "resolved" "https://registry.npmjs.org/engine.io/-/engine.io-5.0.0.tgz"
  "version" "5.0.0"
  dependencies:
    "accepts" "~1.3.4"
    "base64id" "2.0.0"
    "cookie" "~0.4.1"
    "cors" "~2.8.5"
    "debug" "~4.3.1"
    "engine.io-parser" "~4.0.0"
    "ws" "~7.4.2"

"escape-html@~1.0.3":
  "integrity" "sha1-Aljq5NPQwJdN4cFpGI7wBR0dGYg="
  "resolved" "https://registry.npmjs.org/escape-html/-/escape-html-1.0.3.tgz"
  "version" "1.0.3"

"etag@~1.8.1":
  "integrity" "sha1-Qa4u62XvpiJorr/qg6x9eSmbCIc="
  "resolved" "https://registry.npmjs.org/etag/-/etag-1.8.1.tgz"
  "version" "1.8.1"

"express@~4.16.4":
  "integrity" "sha512-j12Uuyb4FMrd/qQAm6uCHAkPtO8FDTRJZBDd5D2KOL2eLaz1yUNdUB/NOIyq0iU4q4cFarsUCrnFDPBcnksuOg=="
  "resolved" "https://registry.npmjs.org/express/-/express-4.16.4.tgz"
  "version" "4.16.4"
  dependencies:
    "accepts" "~1.3.5"
    "array-flatten" "1.1.1"
    "body-parser" "1.18.3"
    "content-disposition" "0.5.2"
    "content-type" "~1.0.4"
    "cookie" "0.3.1"
    "cookie-signature" "1.0.6"
    "debug" "2.6.9"
    "depd" "~1.1.2"
    "encodeurl" "~1.0.2"
    "escape-html" "~1.0.3"
    "etag" "~1.8.1"
    "finalhandler" "1.1.1"
    "fresh" "0.5.2"
    "merge-descriptors" "1.0.1"
    "methods" "~1.1.2"
    "on-finished" "~2.3.0"
    "parseurl" "~1.3.2"
    "path-to-regexp" "0.1.7"
    "proxy-addr" "~2.0.4"
    "qs" "6.5.2"
    "range-parser" "~1.2.0"
    "safe-buffer" "5.1.2"
    "send" "0.16.2"
    "serve-static" "1.13.2"
    "setprototypeof" "1.1.0"
    "statuses" "~1.4.0"
    "type-is" "~1.6.16"
    "utils-merge" "1.0.1"
    "vary" "~1.1.2"

"finalhandler@1.1.1":
  "integrity" "sha512-Y1GUDo39ez4aHAw7MysnUD5JzYX+WaIj8I57kO3aEPT1fFRL4sr7mjei97FgnwhAyyzRYmQZaTHb2+9uZ1dPtg=="
  "resolved" "https://registry.npmjs.org/finalhandler/-/finalhandler-1.1.1.tgz"
  "version" "1.1.1"
  dependencies:
    "debug" "2.6.9"
    "encodeurl" "~1.0.2"
    "escape-html" "~1.0.3"
    "on-finished" "~2.3.0"
    "parseurl" "~1.3.2"
    "statuses" "~1.4.0"
    "unpipe" "~1.0.0"

"forwarded@~0.1.2":
  "integrity" "sha1-mMI9qxF1ZXuMBXPozszZGw/xjIQ="
  "resolved" "https://registry.npmjs.org/forwarded/-/forwarded-0.1.2.tgz"
  "version" "0.1.2"

"fresh@0.5.2":
  "integrity" "sha1-PYyt2Q2XZWn6g1qx+OSyOhBWBac="
  "resolved" "https://registry.npmjs.org/fresh/-/fresh-0.5.2.tgz"
  "version" "0.5.2"

"fs-minipass@^2.0.0":
  "integrity" "sha512-V/JgOLFCS+R6Vcq0slCuaeWEdNC3ouDlJMNIsacH2VtALiu9mV4LPrHc5cDl8k5aw6J8jwgWWpiTo5RYhmIzvg=="
  "resolved" "https://registry.npmjs.org/fs-minipass/-/fs-minipass-2.1.0.tgz"
  "version" "2.1.0"
  dependencies:
    "minipass" "^3.0.0"

"fs.realpath@^1.0.0":
  "integrity" "sha1-FQStJSMVjKpA20onh8sBQRmU6k8="
  "resolved" "https://registry.npmjs.org/fs.realpath/-/fs.realpath-1.0.0.tgz"
  "version" "1.0.0"

"gauge@~2.7.3":
  "integrity" "sha1-LANAXHU4w51+s3sxcCLjJfsBi/c="
  "resolved" "https://registry.npmjs.org/gauge/-/gauge-2.7.4.tgz"
  "version" "2.7.4"
  dependencies:
    "aproba" "^1.0.3"
    "console-control-strings" "^1.0.0"
    "has-unicode" "^2.0.0"
    "object-assign" "^4.1.0"
    "signal-exit" "^3.0.0"
    "string-width" "^1.0.1"
    "strip-ansi" "^3.0.1"
    "wide-align" "^1.1.0"

"glob@^7.1.3":
  "integrity" "sha512-OvD9ENzPLbegENnYP5UUfJIirTg4+XwMWGaQfQTY0JenxNvvIKP3U3/tAQSPIu/lHxXYSZmpXlUHeqAIdKzBLQ=="
  "resolved" "https://registry.npmjs.org/glob/-/glob-7.1.7.tgz"
  "version" "7.1.7"
  dependencies:
    "fs.realpath" "^1.0.0"
    "inflight" "^1.0.4"
    "inherits" "2"
    "minimatch" "^3.0.4"
    "once" "^1.3.0"
    "path-is-absolute" "^1.0.0"

"has-unicode@^2.0.0":
  "integrity" "sha1-4Ob+aijPUROIVeCG0Wkedx3iqLk="
  "resolved" "https://registry.npmjs.org/has-unicode/-/has-unicode-2.0.1.tgz"
  "version" "2.0.1"

"http-errors@~1.6.2", "http-errors@~1.6.3", "http-errors@1.6.3":
  "integrity" "sha1-i1VoC7S+KDoLW/TqLjhYC+HZMg0="
  "resolved" "https://registry.npmjs.org/http-errors/-/http-errors-1.6.3.tgz"
  "version" "1.6.3"
  dependencies:
    "depd" "~1.1.2"
    "inherits" "2.0.3"
    "setprototypeof" "1.1.0"
    "statuses" ">= 1.4.0 < 2"

"https-proxy-agent@^5.0.0":
  "integrity" "sha512-EkYm5BcKUGiduxzSt3Eppko+PiNWNEpa4ySk9vTC6wDsQJW9rHSa+UhGNJoRYp7bz6Ht1eaRIa6QaJqO5rCFbA=="
  "resolved" "https://registry.npmjs.org/https-proxy-agent/-/https-proxy-agent-5.0.0.tgz"
  "version" "5.0.0"
  dependencies:
    "agent-base" "6"
    "debug" "4"

"iconv-lite@0.4.23":
  "integrity" "sha512-neyTUVFtahjf0mB3dZT77u+8O0QB89jFdnBkd5P1JgYPbPaia3gXXOVL2fq8VyU2gMMD7SaN7QukTB/pmXYvDA=="
  "resolved" "https://registry.npmjs.org/iconv-lite/-/iconv-lite-0.4.23.tgz"
  "version" "0.4.23"
  dependencies:
    "safer-buffer" ">= 2.1.2 < 3"

"inflight@^1.0.4":
  "integrity" "sha1-Sb1jMdfQLQwJvJEKEHW6gWW1bfk="
  "resolved" "https://registry.npmjs.org/inflight/-/inflight-1.0.6.tgz"
  "version" "1.0.6"
  dependencies:
    "once" "^1.3.0"
    "wrappy" "1"

"inherits@^2.0.3", "inherits@~2.0.1", "inherits@~2.0.3", "inherits@2":
  "integrity" "sha512-k/vGaX4/Yla3WzyMCvTQOXYeIHvqOKtnqBduzTHpzpQZzAskKMhZ2K+EnBiSM9zGSoIFeMpXKxa4dYeZIQqewQ=="
  "resolved" "https://registry.npmjs.org/inherits/-/inherits-2.0.4.tgz"
  "version" "2.0.4"

"inherits@2.0.3":
  "integrity" "sha1-Yzwsg+PaQqUC9SRmAiSA9CCCYd4="
  "resolved" "https://registry.npmjs.org/inherits/-/inherits-2.0.3.tgz"
  "version" "2.0.3"

"ipaddr.js@1.9.1":
  "integrity" "sha512-0KI/607xoxSToH7GjN1FfSbLoU0+btTicjsQSWQlh/hZykN8KpmMf7uYwPW3R+akZ6R/w18ZlXSHBYXiYUPO3g=="
  "resolved" "https://registry.npmjs.org/ipaddr.js/-/ipaddr.js-1.9.1.tgz"
  "version" "1.9.1"

"is-fullwidth-code-point@^1.0.0":
  "integrity" "sha1-754xOG8DGn8NZDr4L95QxFfvAMs="
  "resolved" "https://registry.npmjs.org/is-fullwidth-code-point/-/is-fullwidth-code-point-1.0.0.tgz"
  "version" "1.0.0"
  dependencies:
    "number-is-nan" "^1.0.0"

"is-fullwidth-code-point@^2.0.0":
  "integrity" "sha1-o7MKXE8ZkYMWeqq5O+764937ZU8="
  "resolved" "https://registry.npmjs.org/is-fullwidth-code-point/-/is-fullwidth-code-point-2.0.0.tgz"
  "version" "2.0.0"

"isarray@~1.0.0":
  "integrity" "sha1-u5NdSFgsuhaMBoNJV6VKPgcSTxE="
  "resolved" "https://registry.npmjs.org/isarray/-/isarray-1.0.0.tgz"
  "version" "1.0.0"

"isarray@0.0.1":
  "integrity" "sha1-ihis/Kmo9Bd+Cav8YDiTmwXR7t8="
  "resolved" "https://registry.npmjs.org/isarray/-/isarray-0.0.1.tgz"
  "version" "0.0.1"

"isexe@^2.0.0":
  "integrity" "sha1-6PvzdNxVb/iUehDcsFctYz8s+hA="
  "resolved" "https://registry.npmjs.org/isexe/-/isexe-2.0.0.tgz"
  "version" "2.0.0"

"keygrip@~1.1.0":
  "integrity" "sha512-iYSchDJ+liQ8iwbSI2QqsQOvqv58eJCEanyJPJi+Khyu8smkcKSFUCbPwzFcL7YVtZ6eONjqRX/38caJ7QjRAQ=="
  "resolved" "https://registry.npmjs.org/keygrip/-/keygrip-1.1.0.tgz"
  "version" "1.1.0"
  dependencies:
    "tsscmp" "1.0.6"

"lru-cache@^6.0.0":
  "integrity" "sha512-Jo6dJ04CmSjuznwJSS3pUeWmd/H0ffTlkXXgwZi+eq1UCmqQwCh+eLsYOYCwY991i2Fah4h1BEMCx4qThGbsiA=="
  "resolved" "https://registry.npmjs.org/lru-cache/-/lru-cache-6.0.0.tgz"
  "version" "6.0.0"
  dependencies:
    "yallist" "^4.0.0"

"make-dir@^3.1.0":
  "integrity" "sha512-g3FeP20LNwhALb/6Cz6Dd4F2ngze0jz7tbzrD2wAV+o9FeNHe4rL+yK2md0J/fiSf1sa1ADhXqi5+oVwOM/eGw=="
  "resolved" "https://registry.npmjs.org/make-dir/-/make-dir-3.1.0.tgz"
  "version" "3.1.0"
  dependencies:
    "semver" "^6.0.0"

"media-typer@0.3.0":
  "integrity" "sha1-hxDXrwqmJvj/+hzgAWhUUmMlV0g="
  "resolved" "https://registry.npmjs.org/media-typer/-/media-typer-0.3.0.tgz"
  "version" "0.3.0"

"merge-descriptors@1.0.1":
  "integrity" "sha1-sAqqVW3YtEVoFQ7J0blT8/kMu2E="
  "resolved" "https://registry.npmjs.org/merge-descriptors/-/merge-descriptors-1.0.1.tgz"
  "version" "1.0.1"

"methods@~1.1.2":
  "integrity" "sha1-VSmk1nZUE07cxSZmVoNbD4Ua/O4="
  "resolved" "https://registry.npmjs.org/methods/-/methods-1.1.2.tgz"
  "version" "1.1.2"

"mime-db@1.47.0":
  "integrity" "sha512-QBmA/G2y+IfeS4oktet3qRZ+P5kPhCKRXxXnQEudYqUaEioAU1/Lq2us3D/t1Jfo4hE9REQPrbB7K5sOczJVIw=="
  "resolved" "https://registry.npmjs.org/mime-db/-/mime-db-1.47.0.tgz"
  "version" "1.47.0"

"mime-types@~2.1.24":
  "integrity" "sha512-crmjA4bLtR8m9qLpHvgxSChT+XoSlZi8J4n/aIdn3z92e/U47Z0V/yl+Wh9W046GgFVAmoNR/fmdbZYcSSIUeg=="
  "resolved" "https://registry.npmjs.org/mime-types/-/mime-types-2.1.30.tgz"
  "version" "2.1.30"
  dependencies:
    "mime-db" "1.47.0"

"mime@1.4.1":
  "integrity" "sha512-KI1+qOZu5DcW6wayYHSzR/tXKCDC5Om4s1z2QJjDULzLcmf3DvzS7oluY4HCTrc+9FiKmWUgeNLg7W3uIQvxtQ=="
  "resolved" "https://registry.npmjs.org/mime/-/mime-1.4.1.tgz"
  "version" "1.4.1"

"minimatch@^3.0.4":
  "integrity" "sha512-yJHVQEhyqPLUTgt9B83PXu6W3rx4MvvHvSUvToogpwoGDOUQ+yDrR0HRot+yOCdCO7u4hX3pWft6kWBBcqh0UA=="
  "resolved" "https://registry.npmjs.org/minimatch/-/minimatch-3.0.4.tgz"
  "version" "3.0.4"
  dependencies:
    "brace-expansion" "^1.1.7"

"minimist@^1.2.5":
  "integrity" "sha512-FM9nNUYrRBAELZQT3xeZQ7fmMOBg6nWNmJKTcgsJeaLstP/UODVpGsr5OhXhhXg6f+qtJ8uiZ+PUxkDWcgIXLw=="
  "resolved" "https://registry.npmjs.org/minimist/-/minimist-1.2.5.tgz"
  "version" "1.2.5"

"minipass@^3.0.0":
  "integrity" "sha512-Mgd2GdMVzY+x3IJ+oHnVM+KG3lA5c8tnabyJKmHSaG2kAGpudxuOf8ToDkhumF7UzME7DecbQE9uOZhNm7PuJg=="
  "resolved" "https://registry.npmjs.org/minipass/-/minipass-3.1.3.tgz"
  "version" "3.1.3"
  dependencies:
    "yallist" "^4.0.0"

"minizlib@^2.1.1":
  "integrity" "sha512-bAxsR8BVfj60DWXHE3u30oHzfl4G7khkSuPW+qvpd7jFRHm7dLxOjUk1EHACJ/hxLY8phGJ0YhYHZo7jil7Qdg=="
  "resolved" "https://registry.npmjs.org/minizlib/-/minizlib-2.1.2.tgz"
  "version" "2.1.2"
  dependencies:
    "minipass" "^3.0.0"
    "yallist" "^4.0.0"

"mkdirp@^0.5.1":
  "integrity" "sha512-NKmAlESf6jMGym1++R0Ra7wvhV+wFW63FaSOFPwRahvea0gMUcGUhVeAg/0BC0wiv9ih5NYPB1Wn1UEI1/L+xQ=="
  "resolved" "https://registry.npmjs.org/mkdirp/-/mkdirp-0.5.5.tgz"
  "version" "0.5.5"
  dependencies:
    "minimist" "^1.2.5"

"mkdirp@^1.0.3":
  "integrity" "sha512-vVqVZQyf3WLx2Shd0qJ9xuvqgAyKPLAiqITEtqW0oIUjzo3PePDd6fW9iFz30ef7Ysp/oiWqbhszeGWW2T6Gzw=="
  "resolved" "https://registry.npmjs.org/mkdirp/-/mkdirp-1.0.4.tgz"
  "version" "1.0.4"

"moment@^2.29.1":
  "integrity" "sha512-kHmoybcPV8Sqy59DwNDY3Jefr64lK/by/da0ViFcuA4DH0vQg5Q6Ze5VimxkfQNSC+Mls/Kx53s7TjP1RhFEDQ=="
  "resolved" "https://registry.npmjs.org/moment/-/moment-2.29.1.tgz"
  "version" "2.29.1"

"morgan@~1.9.1":
  "integrity" "sha512-HQStPIV4y3afTiCYVxirakhlCfGkI161c76kKFca7Fk1JusM//Qeo1ej2XaMniiNeaZklMVrh3vTtIzpzwbpmA=="
  "resolved" "https://registry.npmjs.org/morgan/-/morgan-1.9.1.tgz"
  "version" "1.9.1"
  dependencies:
    "basic-auth" "~2.0.0"
    "debug" "2.6.9"
    "depd" "~1.1.2"
    "on-finished" "~2.3.0"
    "on-headers" "~1.0.1"

"ms@2.0.0":
  "integrity" "sha1-VgiurfwAvmwpAd9fmGF4jeDVl8g="
  "resolved" "https://registry.npmjs.org/ms/-/ms-2.0.0.tgz"
  "version" "2.0.0"

"ms@2.1.2":
  "integrity" "sha512-sGkPx+VjMtmA6MX27oA4FBFELFCZZ4S4XqeGOXCv68tT+jb3vk/RyaKWP0PTKyWtmLSM0b+adUTEvbs1PEaH2w=="
  "resolved" "https://registry.npmjs.org/ms/-/ms-2.1.2.tgz"
  "version" "2.1.2"

"multer@^1.4.2":
  "integrity" "sha512-xY8pX7V+ybyUpbYMxtjM9KAiD9ixtg5/JkeKUTD6xilfDv0vzzOFcCp4Ljb1UU3tSOM3VTZtKo63OmzOrGi3Cg=="
  "resolved" "https://registry.npmjs.org/multer/-/multer-1.4.2.tgz"
  "version" "1.4.2"
  dependencies:
    "append-field" "^1.0.0"
    "busboy" "^0.2.11"
    "concat-stream" "^1.5.2"
    "mkdirp" "^0.5.1"
    "object-assign" "^4.1.1"
    "on-finished" "^2.3.0"
    "type-is" "^1.6.4"
    "xtend" "^4.0.0"

"negotiator@0.6.2":
  "integrity" "sha512-hZXc7K2e+PgeI1eDBe/10Ard4ekbfrrqG8Ep+8Jmf4JID2bNg7NvCPOZN+kfF574pFQI7mum2AUqDidoKqcTOw=="
  "resolved" "https://registry.npmjs.org/negotiator/-/negotiator-0.6.2.tgz"
  "version" "0.6.2"

"node-addon-api@^3.1.0":
  "integrity" "sha512-flmrDNB06LIl5lywUz7YlNGZH/5p0M7W28k8hzd9Lshtdh1wshD2Y+U4h9LD6KObOy1f+fEVdgprPrEymjM5uw=="
  "resolved" "https://registry.npmjs.org/node-addon-api/-/node-addon-api-3.1.0.tgz"
  "version" "3.1.0"

"node-fetch@^2.6.1":
  "integrity" "sha512-V4aYg89jEoVRxRb2fJdAg8FHvI7cEyYdVAh94HH0UIK8oJxUfkjlDQN9RbMx+bEjP7+ggMiFRprSti032Oipxw=="
  "resolved" "https://registry.npmjs.org/node-fetch/-/node-fetch-2.6.1.tgz"
  "version" "2.6.1"

"nopt@^5.0.0":
  "integrity" "sha512-Tbj67rffqceeLpcRXrT7vKAN8CwfPeIBgM7E6iBkmKLV7bEMwpGgYLGv0jACUsECaa/vuxP0IjEont6umdMgtQ=="
  "resolved" "https://registry.npmjs.org/nopt/-/nopt-5.0.0.tgz"
  "version" "5.0.0"
  dependencies:
    "abbrev" "1"

"npmlog@^4.1.2":
  "integrity" "sha512-2uUqazuKlTaSI/dC8AzicUck7+IrEaOnN/e0jd3Xtt1KcGpwx30v50mL7oPyr/h9bL3E4aZccVwpwP+5W9Vjkg=="
  "resolved" "https://registry.npmjs.org/npmlog/-/npmlog-4.1.2.tgz"
  "version" "4.1.2"
  dependencies:
    "are-we-there-yet" "~1.1.2"
    "console-control-strings" "~1.1.0"
    "gauge" "~2.7.3"
    "set-blocking" "~2.0.0"

"number-is-nan@^1.0.0":
  "integrity" "sha1-CXtgK1NCKlIsGvuHkDGDNpQaAR0="
  "resolved" "https://registry.npmjs.org/number-is-nan/-/number-is-nan-1.0.1.tgz"
  "version" "1.0.1"

"object-assign@^4", "object-assign@^4.1.0", "object-assign@^4.1.1":
  "integrity" "sha1-IQmtx5ZYh8/AXLvUQsrIv7s2CGM="
  "resolved" "https://registry.npmjs.org/object-assign/-/object-assign-4.1.1.tgz"
  "version" "4.1.1"

"on-finished@^2.3.0", "on-finished@~2.3.0":
  "integrity" "sha1-IPEzZIGwg811M3mSoWlxqi2QaUc="
  "resolved" "https://registry.npmjs.org/on-finished/-/on-finished-2.3.0.tgz"
  "version" "2.3.0"
  dependencies:
    "ee-first" "1.1.1"

"on-headers@~1.0.1", "on-headers@~1.0.2":
  "integrity" "sha512-pZAE+FJLoyITytdqK0U5s+FIpjN0JP3OzFi/u8Rx+EV5/W+JTWGXG8xFzevE7AjBfDqHv/8vL8qQsIhHnqRkrA=="
  "resolved" "https://registry.npmjs.org/on-headers/-/on-headers-1.0.2.tgz"
  "version" "1.0.2"

"once@^1.3.0":
  "integrity" "sha1-WDsap3WWHUsROsF9nFC6753Xa9E="
  "resolved" "https://registry.npmjs.org/once/-/once-1.4.0.tgz"
  "version" "1.4.0"
  dependencies:
    "wrappy" "1"

"parseurl@~1.3.2":
  "integrity" "sha512-CiyeOxFT/JZyN5m0z9PfXw4SCBJ6Sygz1Dpl0wqjlhDEGGBP1GnsUVEL0p63hoG1fcj3fHynXi9NYO4nWOL+qQ=="
  "resolved" "https://registry.npmjs.org/parseurl/-/parseurl-1.3.3.tgz"
  "version" "1.3.3"

"path-is-absolute@^1.0.0":
  "integrity" "sha1-F0uSaHNVNP+8es5r9TpanhtcX18="
  "resolved" "https://registry.npmjs.org/path-is-absolute/-/path-is-absolute-1.0.1.tgz"
  "version" "1.0.1"

"path-key@^3.1.0":
  "integrity" "sha512-ojmeN0qd+y0jszEtoY48r0Peq5dwMEkIlCOu6Q5f41lfkswXuKtYrhgoTpLnyIcHm24Uhqx+5Tqm2InSwLhE6Q=="
  "resolved" "https://registry.npmjs.org/path-key/-/path-key-3.1.1.tgz"
  "version" "3.1.1"

"path-to-regexp@0.1.7":
  "integrity" "sha1-32BBeABfUi8V60SQ5yR6G/qmf4w="
  "resolved" "https://registry.npmjs.org/path-to-regexp/-/path-to-regexp-0.1.7.tgz"
  "version" "0.1.7"

"process-nextick-args@~2.0.0":
  "integrity" "sha512-3ouUOpQhtgrbOa17J7+uxOTpITYWaGP7/AhoR3+A+/1e9skrzelGi/dXzEYyvbxubEF6Wn2ypscTKiKJFFn1ag=="
  "resolved" "https://registry.npmjs.org/process-nextick-args/-/process-nextick-args-2.0.1.tgz"
  "version" "2.0.1"

"proxy-addr@~2.0.4":
  "integrity" "sha512-dh/frvCBVmSsDYzw6n926jv974gddhkFPfiN8hPOi30Wax25QZyZEGveluCgliBnqmuM+UJmBErbAUFIoDbjOw=="
  "resolved" "https://registry.npmjs.org/proxy-addr/-/proxy-addr-2.0.6.tgz"
  "version" "2.0.6"
  dependencies:
    "forwarded" "~0.1.2"
    "ipaddr.js" "1.9.1"

"qs@6.5.2":
  "integrity" "sha512-N5ZAX4/LxJmF+7wN74pUD6qAh9/wnvdQcjq9TZjevvXzSUo7bfmw91saqMjzGS2xq91/odN2dW/WOl7qQHNDGA=="
  "resolved" "https://registry.npmjs.org/qs/-/qs-6.5.2.tgz"
  "version" "6.5.2"

"range-parser@~1.2.0":
  "integrity" "sha512-Hrgsx+orqoygnmhFbKaHE6c296J+HTAQXoxEF6gNupROmmGJRoyzfG3ccAveqCBrwr/2yxQ5BVd/GTl5agOwSg=="
  "resolved" "https://registry.npmjs.org/range-parser/-/range-parser-1.2.1.tgz"
  "version" "1.2.1"

"raw-body@2.3.3":
  "integrity" "sha512-9esiElv1BrZoI3rCDuOuKCBRbuApGGaDPQfjSflGxdy4oyzqghxu6klEkkVIvBje+FF0BX9coEv8KqW6X/7njw=="
  "resolved" "https://registry.npmjs.org/raw-body/-/raw-body-2.3.3.tgz"
  "version" "2.3.3"
  dependencies:
    "bytes" "3.0.0"
    "http-errors" "1.6.3"
    "iconv-lite" "0.4.23"
    "unpipe" "1.0.0"

"readable-stream@^2.0.6":
  "integrity" "sha512-Ebho8K4jIbHAxnuxi7o42OrZgF/ZTNcsZj6nRKyUmkhLFq8CHItp/fy6hQZuZmP/n3yZ9VBUbp4zz/mX8hmYPw=="
  "resolved" "https://registry.npmjs.org/readable-stream/-/readable-stream-2.3.7.tgz"
  "version" "2.3.7"
  dependencies:
    "core-util-is" "~1.0.0"
    "inherits" "~2.0.3"
    "isarray" "~1.0.0"
    "process-nextick-args" "~2.0.0"
    "safe-buffer" "~5.1.1"
    "string_decoder" "~1.1.1"
    "util-deprecate" "~1.0.1"

"readable-stream@^2.2.2":
  "integrity" "sha512-Ebho8K4jIbHAxnuxi7o42OrZgF/ZTNcsZj6nRKyUmkhLFq8CHItp/fy6hQZuZmP/n3yZ9VBUbp4zz/mX8hmYPw=="
  "resolved" "https://registry.npmjs.org/readable-stream/-/readable-stream-2.3.7.tgz"
  "version" "2.3.7"
  dependencies:
    "core-util-is" "~1.0.0"
    "inherits" "~2.0.3"
    "isarray" "~1.0.0"
    "process-nextick-args" "~2.0.0"
    "safe-buffer" "~5.1.1"
    "string_decoder" "~1.1.1"
    "util-deprecate" "~1.0.1"

"readable-stream@1.1.x":
  "integrity" "sha1-fPTFTvZI44EwhMY23SB54WbAgdk="
  "resolved" "https://registry.npmjs.org/readable-stream/-/readable-stream-1.1.14.tgz"
  "version" "1.1.14"
  dependencies:
    "core-util-is" "~1.0.0"
    "inherits" "~2.0.1"
    "isarray" "0.0.1"
    "string_decoder" "~0.10.x"

"rimraf@^3.0.2":
  "integrity" "sha512-JZkJMZkAGFFPP2YqXZXPbMlMBgsxzE8ILs4lMIX/2o0L9UBw9O/Y3o6wFw/i9YLapcUJWwqbi3kdxIPdC62TIA=="
  "resolved" "https://registry.npmjs.org/rimraf/-/rimraf-3.0.2.tgz"
  "version" "3.0.2"
  dependencies:
    "glob" "^7.1.3"

"safe-buffer@~5.1.0", "safe-buffer@~5.1.1", "safe-buffer@5.1.2":
  "integrity" "sha512-Gd2UZBJDkXlY7GbJxfsE8/nvKkUEU1G38c1siN6QP6a9PT9MmHB8GnpscSmMJSoF8LOIrt8ud/wPtojys4G6+g=="
  "resolved" "https://registry.npmjs.org/safe-buffer/-/safe-buffer-5.1.2.tgz"
  "version" "5.1.2"

"safer-buffer@>= 2.1.2 < 3":
  "integrity" "sha512-YZo3K82SD7Riyi0E1EQPojLz7kpepnSQI9IyPbHHg1XXXevb5dJI7tpyN2ADxGcQbHG7vcyRHk0cbwqcQriUtg=="
  "resolved" "https://registry.npmjs.org/safer-buffer/-/safer-buffer-2.1.2.tgz"
  "version" "2.1.2"

"semver@^6.0.0":
  "integrity" "sha512-b39TBaTSfV6yBrapU89p5fKekE2m/NwnDocOVruQFS1/veMgdzuPcnOM34M6CwxW8jH/lxEa5rBoDeUwu5HHTw=="
  "resolved" "https://registry.npmjs.org/semver/-/semver-6.3.0.tgz"
  "version" "6.3.0"

"semver@^7.3.4":
  "integrity" "sha512-PoeGJYh8HK4BTO/a9Tf6ZG3veo/A7ZVsYrSA6J8ny9nb3B1VrpkuN+z9OE5wfE5p6H4LchYZsegiQgbJD94ZFQ=="
  "resolved" "https://registry.npmjs.org/semver/-/semver-7.3.5.tgz"
  "version" "7.3.5"
  dependencies:
    "lru-cache" "^6.0.0"

"send@0.16.2":
  "integrity" "sha512-E64YFPUssFHEFBvpbbjr44NCLtI1AohxQ8ZSiJjQLskAdKuriYEP6VyGEsRDH8ScozGpkaX1BGvhanqCwkcEZw=="
  "resolved" "https://registry.npmjs.org/send/-/send-0.16.2.tgz"
  "version" "0.16.2"
  dependencies:
    "debug" "2.6.9"
    "depd" "~1.1.2"
    "destroy" "~1.0.4"
    "encodeurl" "~1.0.2"
    "escape-html" "~1.0.3"
    "etag" "~1.8.1"
    "fresh" "0.5.2"
    "http-errors" "~1.6.2"
    "mime" "1.4.1"
    "ms" "2.0.0"
    "on-finished" "~2.3.0"
    "range-parser" "~1.2.0"
    "statuses" "~1.4.0"

"serve-static@1.13.2":
  "integrity" "sha512-p/tdJrO4U387R9oMjb1oj7qSMaMfmOyd4j9hOFoxZe2baQszgHcSWjuya/CiT5kgZZKRudHNOA0pYXOl8rQ5nw=="
  "resolved" "https://registry.npmjs.org/serve-static/-/serve-static-1.13.2.tgz"
  "version" "1.13.2"
  dependencies:
    "encodeurl" "~1.0.2"
    "escape-html" "~1.0.3"
    "parseurl" "~1.3.2"
    "send" "0.16.2"

"set-blocking@~2.0.0":
  "integrity" "sha1-BF+XgtARrppoA93TgrJDkrPYkPc="
  "resolved" "https://registry.npmjs.org/set-blocking/-/set-blocking-2.0.0.tgz"
  "version" "2.0.0"

"setprototypeof@1.1.0":
  "integrity" "sha512-BvE/TwpZX4FXExxOxZyRGQQv651MSwmWKZGqvmPcRIjDqWub67kTKuIMx43cZZrS/cBBzwBcNDWoFxt2XEFIpQ=="
  "resolved" "https://registry.npmjs.org/setprototypeof/-/setprototypeof-1.1.0.tgz"
  "version" "1.1.0"

"shebang-command@^2.0.0":
  "integrity" "sha512-kHxr2zZpYtdmrN1qDjrrX/Z1rR1kG8Dx+gkpK1G4eXmvXswmcE1hTWBWYUzlraYw1/yZp6YuDY77YtvbN0dmDA=="
  "resolved" "https://registry.npmjs.org/shebang-command/-/shebang-command-2.0.0.tgz"
  "version" "2.0.0"
  dependencies:
    "shebang-regex" "^3.0.0"

"shebang-regex@^3.0.0":
  "integrity" "sha512-7++dFhtcx3353uBaq8DDR4NuxBetBzC7ZQOhmTQInHEd6bSrXdiEyzCvG07Z44UYdLShWUyXt5M/yhz8ekcb1A=="
  "resolved" "https://registry.npmjs.org/shebang-regex/-/shebang-regex-3.0.0.tgz"
  "version" "3.0.0"

"signal-exit@^3.0.0":
  "integrity" "sha512-VUJ49FC8U1OxwZLxIbTTrDvLnf/6TDgxZcK8wxR8zs13xpx7xbG60ndBlhNrFi2EMuFRoeDoJO7wthSLq42EjA=="
  "resolved" "https://registry.npmjs.org/signal-exit/-/signal-exit-3.0.3.tgz"
  "version" "3.0.3"

"socket.io-adapter@~2.2.0":
  "integrity" "sha512-rG49L+FwaVEwuAdeBRq49M97YI3ElVabJPzvHT9S6a2CWhDKnjSFasvwAwSYPRhQzfn4NtDIbCaGYgOCOU/rlg=="
  "resolved" "https://registry.npmjs.org/socket.io-adapter/-/socket.io-adapter-2.2.0.tgz"
  "version" "2.2.0"

"socket.io-parser@~4.0.3":
  "integrity" "sha512-t+b0SS+IxG7Rxzda2EVvyBZbvFPBCjJoyHuE0P//7OAsN23GItzDRdWa6ALxZI/8R5ygK7jAR6t028/z+7295g=="
  "resolved" "https://registry.npmjs.org/socket.io-parser/-/socket.io-parser-4.0.4.tgz"
  "version" "4.0.4"
  dependencies:
    "@types/component-emitter" "^1.2.10"
    "component-emitter" "~1.3.0"
    "debug" "~4.3.1"

"socket.io@4.0.1":
  "integrity" "sha512-g8eZB9lV0f4X4gndG0k7YZAywOg1VxYgCUspS4V+sDqsgI/duqd0AW84pKkbGj/wQwxrqrEq+VZrspRfTbHTAQ=="
  "resolved" "https://registry.npmjs.org/socket.io/-/socket.io-4.0.1.tgz"
  "version" "4.0.1"
  dependencies:
    "@types/cookie" "^0.4.0"
    "@types/cors" "^2.8.8"
    "@types/node" ">=10.0.0"
    "accepts" "~1.3.4"
    "base64id" "~2.0.0"
    "debug" "~4.3.1"
    "engine.io" "~5.0.0"
    "socket.io-adapter" "~2.2.0"
    "socket.io-parser" "~4.0.3"

"statuses@>= 1.4.0 < 2":
  "integrity" "sha1-Fhx9rBd2Wf2YEfQ3cfqZOBR4Yow="
  "resolved" "https://registry.npmjs.org/statuses/-/statuses-1.5.0.tgz"
  "version" "1.5.0"

"statuses@~1.4.0":
  "integrity" "sha512-zhSCtt8v2NDrRlPQpCNtw/heZLtfUDqxBM1udqikb/Hbk52LK4nQSwr10u77iopCW5LsyHpuXS0GnEc48mLeew=="
  "resolved" "https://registry.npmjs.org/statuses/-/statuses-1.4.0.tgz"
  "version" "1.4.0"

"streamsearch@0.1.2":
  "integrity" "sha1-gIudDlb8Jz2Am6VzOOkpkZoanxo="
  "resolved" "https://registry.npmjs.org/streamsearch/-/streamsearch-0.1.2.tgz"
  "version" "0.1.2"

"string_decoder@~0.10.x":
  "integrity" "sha1-YuIDvEF2bGwoyfyEMB2rHFMQ+pQ="
  "resolved" "https://registry.npmjs.org/string_decoder/-/string_decoder-0.10.31.tgz"
  "version" "0.10.31"

"string_decoder@~1.1.1":
  "integrity" "sha512-n/ShnvDi6FHbbVfviro+WojiFzv+s8MPMHBczVePfUpDJLwoLT0ht1l4YwBCbi8pJAveEEdnkHyPyTP/mzRfwg=="
  "resolved" "https://registry.npmjs.org/string_decoder/-/string_decoder-1.1.1.tgz"
  "version" "1.1.1"
  dependencies:
    "safe-buffer" "~5.1.0"

"string-width@^1.0.1":
  "integrity" "sha1-EYvfW4zcUaKn5w0hHgfisLmxB9M="
  "resolved" "https://registry.npmjs.org/string-width/-/string-width-1.0.2.tgz"
  "version" "1.0.2"
  dependencies:
    "code-point-at" "^1.0.0"
    "is-fullwidth-code-point" "^1.0.0"
    "strip-ansi" "^3.0.0"

"string-width@^1.0.2 || 2":
  "integrity" "sha512-nOqH59deCq9SRHlxq1Aw85Jnt4w6KvLKqWVik6oA9ZklXLNIOlqg4F2yrT1MVaTjAqvVwdfeZ7w7aCvJD7ugkw=="
  "resolved" "https://registry.npmjs.org/string-width/-/string-width-2.1.1.tgz"
  "version" "2.1.1"
  dependencies:
    "is-fullwidth-code-point" "^2.0.0"
    "strip-ansi" "^4.0.0"

"strip-ansi@^3.0.0", "strip-ansi@^3.0.1":
  "integrity" "sha1-ajhfuIU9lS1f8F0Oiq+UJ43GPc8="
  "resolved" "https://registry.npmjs.org/strip-ansi/-/strip-ansi-3.0.1.tgz"
  "version" "3.0.1"
  dependencies:
    "ansi-regex" "^2.0.0"

"strip-ansi@^4.0.0":
  "integrity" "sha1-qEeQIusaw2iocTibY1JixQXuNo8="
  "resolved" "https://registry.npmjs.org/strip-ansi/-/strip-ansi-4.0.0.tgz"
  "version" "4.0.0"
  dependencies:
    "ansi-regex" "^3.0.0"

"tar@^6.1.0":
  "integrity" "sha512-DUCttfhsnLCjwoDoFcI+B2iJgYa93vBnDUATYEeRx6sntCTdN01VnqsIuTlALXla/LWooNg0yEGeB+Y8WdFxGA=="
  "resolved" "https://registry.npmjs.org/tar/-/tar-6.1.0.tgz"
  "version" "6.1.0"
  dependencies:
    "chownr" "^2.0.0"
    "fs-minipass" "^2.0.0"
    "minipass" "^3.0.0"
    "minizlib" "^2.1.1"
    "mkdirp" "^1.0.3"
    "yallist" "^4.0.0"

"tsscmp@1.0.6":
  "integrity" "sha512-LxhtAkPDTkVCMQjt2h6eBVY28KCjikZqZfMcC15YBeNjkgUpdCfBu5HoiOTDu86v6smE8yOjyEktJ8hlbANHQA=="
  "resolved" "https://registry.npmjs.org/tsscmp/-/tsscmp-1.0.6.tgz"
  "version" "1.0.6"

"type-is@^1.6.4", "type-is@~1.6.16":
  "integrity" "sha512-TkRKr9sUTxEH8MdfuCSP7VizJyzRNMjj2J2do2Jr3Kym598JVdEksuzPQCnlFPW4ky9Q+iA+ma9BGm06XQBy8g=="
  "resolved" "https://registry.npmjs.org/type-is/-/type-is-1.6.18.tgz"
  "version" "1.6.18"
  dependencies:
    "media-typer" "0.3.0"
    "mime-types" "~2.1.24"

"typedarray@^0.0.6":
  "integrity" "sha1-hnrHTjhkGHsdPUfZlqeOxciDB3c="
  "resolved" "https://registry.npmjs.org/typedarray/-/typedarray-0.0.6.tgz"
  "version" "0.0.6"

"unpipe@~1.0.0", "unpipe@1.0.0":
  "integrity" "sha1-sr9O6FFKrmFltIF4KdIbLvSZBOw="
  "resolved" "https://registry.npmjs.org/unpipe/-/unpipe-1.0.0.tgz"
  "version" "1.0.0"

"util-deprecate@~1.0.1":
  "integrity" "sha1-RQ1Nyfpw3nMnYvvS1KKJgUGaDM8="
  "resolved" "https://registry.npmjs.org/util-deprecate/-/util-deprecate-1.0.2.tgz"
  "version" "1.0.2"

"utils-merge@1.0.1":
  "integrity" "sha1-n5VxD1CiZ5R7LMwSR0HBAoQn5xM="
  "resolved" "https://registry.npmjs.org/utils-merge/-/utils-merge-1.0.1.tgz"
  "version" "1.0.1"

"vary@^1", "vary@~1.1.2":
  "integrity" "sha1-IpnwLG3tMNSllhsLn3RSShj2NPw="
  "resolved" "https://registry.npmjs.org/vary/-/vary-1.1.2.tgz"
  "version" "1.1.2"

"which@^2.0.1":
  "integrity" "sha512-BLI3Tl1TW3Pvl70l3yq3Y64i+awpwXqsGBYWkkqMtnbXgrMD+yj7rhW0kuEDxzJaYXGjEW5ogapKNMEKNMjibA=="
  "resolved" "https://registry.npmjs.org/which/-/which-2.0.2.tgz"
  "version" "2.0.2"
  dependencies:
    "isexe" "^2.0.0"

"wide-align@^1.1.0":
  "integrity" "sha512-QGkOQc8XL6Bt5PwnsExKBPuMKBxnGxWWW3fU55Xt4feHozMUhdUMaBCk290qpm/wG5u/RSKzwdAC4i51YigihA=="
  "resolved" "https://registry.npmjs.org/wide-align/-/wide-align-1.1.3.tgz"
  "version" "1.1.3"
  dependencies:
    "string-width" "^1.0.2 || 2"

"wrappy@1":
  "integrity" "sha1-tSQ9jz7BqjXxNkYFvA0QNuMKtp8="
  "resolved" "https://registry.npmjs.org/wrappy/-/wrappy-1.0.2.tgz"
  "version" "1.0.2"

"ws@~7.4.2":
  "integrity" "sha512-xzyu3hFvomRfXKH8vOFMU3OguG6oOvhXMo3xsGy3xWExqaM2dxBbVxuD99O7m3ZUFMvvscsZDqxfgMaRr/Nr1g=="
  "resolved" "https://registry.npmjs.org/ws/-/ws-7.4.5.tgz"
  "version" "7.4.5"

"xtend@^4.0.0":
  "integrity" "sha512-LKYU1iAXJXUgAXn9URjiu+MWhyUXHsvfp7mcuYm9dSUKK0/CjtrUwFAxD82/mCWbtLsGjFIad0wIsod4zrTAEQ=="
  "resolved" "https://registry.npmjs.org/xtend/-/xtend-4.0.2.tgz"
  "version" "4.0.2"

"yallist@^4.0.0":
  "integrity" "sha512-3wdGidZyq5PB084XLES5TpOSRA3wjXAlIWMhum2kRcv/41Sn2emQ0dycQW4uZXLejwKvg6EsvbdlVL+FYEct7A=="
  "resolved" "https://registry.npmjs.org/yallist/-/yallist-4.0.0.tgz"
  "version" "4.0.0"

"yuki-express@^2.4.8":
  "integrity" "sha512-l6jrsi2r6zeXW9VyfvkeQRCN4DCp8MmHlnISYrzIfF57F6Kb+MiKvri539UfKGj3ryoW549AYs8iG0Y+CRjs9A=="
  "resolved" "https://registry.npmjs.org/yuki-express/-/yuki-express-2.4.8.tgz"
  "version" "2.4.8"
  dependencies:
    "bcrypt" "^5.0.1"
    "cookie-parser" "~1.4.5"
    "cookie-session" "^1.4.0"
    "cors" "^2.8.5"
    "cross-spawn" "^7.0.3"
    "debug" "~2.6.9"
    "ejs" "~2.6.2"
    "express" "~4.16.4"
    "http-errors" "~1.6.3"
    "moment" "^2.29.1"
    "morgan" "~1.9.1"
    "multer" "^1.4.2"
    "socket.io" "4.0.1"
